
Microsoft Visual Studio Solution File, Format Version 12.00
# Visual Studio Version 17
VisualStudioVersion = 17.8.34601.278
MinimumVisualStudioVersion = 10.0.40219.1
Project("{FAE04EC0-301F-11D3-BF4B-00C04F79EFBC}") = "devProject1", "devProject1\devProject1.csproj", "{35A087C7-4D24-497E-ACBD-A746BB04D69B}"
EndProject
Global
	GlobalSection(SolutionConfigurationPlatforms) = preSolution
		Debug|Any CPU = Debug|Any CPU
		Release|Any CPU = Release|Any CPU
	EndGlobalSection
	GlobalSection(ProjectConfigurationPlatforms) = postSolution
		{35A087C7-4D24-497E-ACBD-A746BB04D69B}.Debug|Any CPU.ActiveCfg = Debug|Any CPU
		{35A087C7-4D24-497E-ACBD-A746BB04D69B}.Debug|Any CPU.Build.0 = Debug|Any CPU
		{35A087C7-4D24-497E-ACBD-A746BB04D69B}.Release|Any CPU.ActiveCfg = Release|Any CPU
		{35A087C7-4D24-497E-ACBD-A746BB04D69B}.Release|Any CPU.Build.0 = Release|Any CPU
	EndGlobalSection
	GlobalSection(SolutionProperties) = preSolution
		HideSolutionNode = FALSE
	EndGlobalSection
	GlobalSection(ExtensibilityGlobals) = postSolution
		SolutionGuid = {E23DEC96-3A83-4667-AEFF-1A8F59AF178B}
	EndGlobalSection
EndGlobal
