
Microsoft Visual Studio Solution File, Format Version 11.00
# Visual Studio 2010
Project("{FAE04EC0-301F-11D3-BF4B-00C04F79EFBC}") = "ShadowBot.Shell", "ShadowBot.Shell.csproj", "{C7A74E46-693A-42FF-86F6-E6F87250C5E6}"
EndProject
Global
	GlobalSection(SolutionConfigurationPlatforms) = preSolution
		Debug|Any CPU = Debug|Any CPU
		Release|Any CPU = Release|Any CPU
	EndGlobalSection
	GlobalSection(ProjectConfigurationPlatforms) = postSolution
		{C7A74E46-693A-42FF-86F6-E6F87250C5E6}.Debug|Any CPU.ActiveCfg = Debug|Any CPU
		{C7A74E46-693A-42FF-86F6-E6F87250C5E6}.Debug|Any CPU.Build.0 = Debug|Any CPU
		{C7A74E46-693A-42FF-86F6-E6F87250C5E6}.Release|Any CPU.ActiveCfg = Release|Any CPU
		{C7A74E46-693A-42FF-86F6-E6F87250C5E6}.Release|Any CPU.Build.0 = Release|Any CPU
	EndGlobalSection
	GlobalSection(SolutionProperties) = preSolution
		HideSolutionNode = FALSE
	EndGlobalSection
EndGlobal
